
Microsoft Visual Studio Solution File, Format Version 12.00
# Visual Studio Version 16
VisualStudioVersion = 16.0.31424.327
MinimumVisualStudioVersion = 10.0.40219.1
Project("{FAE04EC0-301F-11D3-BF4B-00C04F79EFBC}") = "ZLOGG3R", "ZLOGG3R.csproj", "{5C45B8CA-309D-47E2-A4E4-AD82B82E0327}"
EndProject
Global
	GlobalSection(SolutionConfigurationPlatforms) = preSolution
		Debug|Any CPU = Debug|Any CPU
		Release|Any CPU = Release|Any CPU
	EndGlobalSection
	GlobalSection(ProjectConfigurationPlatforms) = postSolution
		{5C45B8CA-309D-47E2-A4E4-AD82B82E0327}.Debug|Any CPU.ActiveCfg = Debug|Any CPU
		{5C45B8CA-309D-47E2-A4E4-AD82B82E0327}.Debug|Any CPU.Build.0 = Debug|Any CPU
		{5C45B8CA-309D-47E2-A4E4-AD82B82E0327}.Release|Any CPU.ActiveCfg = Release|Any CPU
		{5C45B8CA-309D-47E2-A4E4-AD82B82E0327}.Release|Any CPU.Build.0 = Release|Any CPU
	EndGlobalSection
	GlobalSection(SolutionProperties) = preSolution
		HideSolutionNode = FALSE
	EndGlobalSection
	GlobalSection(ExtensibilityGlobals) = postSolution
		SolutionGuid = {A58827E4-2DC7-42FA-B1B7-EB393D0779CF}
	EndGlobalSection
EndGlobal
